// !$*UTF8*$!
{
	archiveVersion = 1;
	classes = {
	};
	objectVersion = 54;
	objects = {

/* Begin PBXBuildFile section */
		00E356F31AD99517003FC87E /* universalcraftmarketTests.m in Sources */ = {isa = PBXBuildFile; fileRef = 00E356F21AD99517003FC87E /* universalcraftmarketTests.m */; };
		13B07FBC1A68108700A75B9A /* AppDelegate.m in Sources */ = {isa = PBXBuildFile; fileRef = 13B07FB01A68108700A75B9A /* AppDelegate.m */; };
		13B07FBF1A68108700A75B9A /* Images.xcassets in Resources */ = {isa = PBXBuildFile; fileRef = 13B07FB51A68108700A75B9A /* Images.xcassets */; };
		13B07FC11A68108700A75B9A /* main.m in Sources */ = {isa = PBXBuildFile; fileRef = 13B07FB71A68108700A75B9A /* main.m */; };
		21538466A1A9479D0F831741 /* libPods-universalcraftmarket.a in Frameworks */ = {isa = PBXBuildFile; fileRef = 15F88FEC9129E378BF45B027 /* libPods-universalcraftmarket.a */; };
		81AB9BB82411601600AC10FF /* LaunchScreen.storyboard in Resources */ = {isa = PBXBuildFile; fileRef = 81AB9BB72411601600AC10FF /* LaunchScreen.storyboard */; };
		B5D1334F1CCB42DD69E0794A /* libPods-universalcraftmarket-universalcraftmarketTests.a in Frameworks */ = {isa = PBXBuildFile; fileRef = FB1659B383E346E4E01B6720 /* libPods-universalcraftmarket-universalcraftmarketTests.a */; };
		CEB82FBF2706D77C0085A2E6 /* Poppins-Bold.ttf in Resources */ = {isa = PBXBuildFile; fileRef = 7EFE7B4808284E588FED071F /* Poppins-Bold.ttf */; };
		CEB82FC02706D9D50085A2E6 /* Muli-Regular.ttf in Resources */ = {isa = PBXBuildFile; fileRef = EC0FCC50F656473A8B694F60 /* Muli-Regular.ttf */; };
		CEC20258270600C60040F4D6 /* Fonts in Resources */ = {isa = PBXBuildFile; fileRef = CEC20257270600C60040F4D6 /* Fonts */; };
		CEDF5A3A2704C0A500D737C5 /* File.swift in Sources */ = {isa = PBXBuildFile; fileRef = CEDF5A392704C0A500D737C5 /* File.swift */; };
/* End PBXBuildFile section */

/* Begin PBXContainerItemProxy section */
		00E356F41AD99517003FC87E /* PBXContainerItemProxy */ = {
			isa = PBXContainerItemProxy;
			containerPortal = 83CBB9F71A601CBA00E9B192 /* Project object */;
			proxyType = 1;
			remoteGlobalIDString = 13B07F861A680F5B00A75B9A;
			remoteInfo = universalcraftmarket;
		};
/* End PBXContainerItemProxy section */

/* Begin PBXFileReference section */
		00E356EE1AD99517003FC87E /* universalcraftmarketTests.xctest */ = {isa = PBXFileReference; explicitFileType = wrapper.cfbundle; includeInIndex = 0; path = universalcraftmarketTests.xctest; sourceTree = BUILT_PRODUCTS_DIR; };
		00E356F11AD99517003FC87E /* Info.plist */ = {isa = PBXFileReference; lastKnownFileType = text.plist.xml; path = Info.plist; sourceTree = "<group>"; };
		00E356F21AD99517003FC87E /* universalcraftmarketTests.m */ = {isa = PBXFileReference; lastKnownFileType = sourcecode.c.objc; path = universalcraftmarketTests.m; sourceTree = "<group>"; };
		13B07F961A680F5B00A75B9A /* universalcraftmarket.app */ = {isa = PBXFileReference; explicitFileType = wrapper.application; includeInIndex = 0; path = universalcraftmarket.app; sourceTree = BUILT_PRODUCTS_DIR; };
		13B07FAF1A68108700A75B9A /* AppDelegate.h */ = {isa = PBXFileReference; fileEncoding = 4; lastKnownFileType = sourcecode.c.h; name = AppDelegate.h; path = universalcraftmarket/AppDelegate.h; sourceTree = "<group>"; };
		13B07FB01A68108700A75B9A /* AppDelegate.m */ = {isa = PBXFileReference; fileEncoding = 4; lastKnownFileType = sourcecode.c.objc; name = AppDelegate.m; path = universalcraftmarket/AppDelegate.m; sourceTree = "<group>"; };
		13B07FB51A68108700A75B9A /* Images.xcassets */ = {isa = PBXFileReference; lastKnownFileType = folder.assetcatalog; name = Images.xcassets; path = universalcraftmarket/Images.xcassets; sourceTree = "<group>"; };
		13B07FB61A68108700A75B9A /* Info.plist */ = {isa = PBXFileReference; fileEncoding = 4; lastKnownFileType = text.plist.xml; name = Info.plist; path = universalcraftmarket/Info.plist; sourceTree = "<group>"; };
		13B07FB71A68108700A75B9A /* main.m */ = {isa = PBXFileReference; fileEncoding = 4; lastKnownFileType = sourcecode.c.objc; name = main.m; path = universalcraftmarket/main.m; sourceTree = "<group>"; };
		15F88FEC9129E378BF45B027 /* libPods-universalcraftmarket.a */ = {isa = PBXFileReference; explicitFileType = archive.ar; includeInIndex = 0; path = "libPods-universalcraftmarket.a"; sourceTree = BUILT_PRODUCTS_DIR; };
		2465F84241B14E34A6AA1071 /* SimpleLineIcons.ttf */ = {isa = PBXFileReference; explicitFileType = undefined; fileEncoding = 9; includeInIndex = 0; lastKnownFileType = unknown; name = SimpleLineIcons.ttf; path = ../android/app/src/main/assets/fonts/SimpleLineIcons.ttf; sourceTree = "<group>"; };
		3F0D9C949831487FA24A02ED /* Foundation.ttf */ = {isa = PBXFileReference; explicitFileType = undefined; fileEncoding = 9; includeInIndex = 0; lastKnownFileType = unknown; name = Foundation.ttf; path = ../android/app/src/main/assets/fonts/Foundation.ttf; sourceTree = "<group>"; };
		416C2AB1336BA2CB022BA105 /* Pods-universalcraftmarket.debug.xcconfig */ = {isa = PBXFileReference; includeInIndex = 1; lastKnownFileType = text.xcconfig; name = "Pods-universalcraftmarket.debug.xcconfig"; path = "Target Support Files/Pods-universalcraftmarket/Pods-universalcraftmarket.debug.xcconfig"; sourceTree = "<group>"; };
		464E422F3CFE4DE48FC33363 /* FontAwesome5_Solid.ttf */ = {isa = PBXFileReference; explicitFileType = undefined; fileEncoding = 9; includeInIndex = 0; lastKnownFileType = unknown; name = FontAwesome5_Solid.ttf; path = ../android/app/src/main/assets/fonts/FontAwesome5_Solid.ttf; sourceTree = "<group>"; };
		4CAB045EE9F74B06BB0ECEBD /* AntDesign.ttf */ = {isa = PBXFileReference; explicitFileType = undefined; fileEncoding = 9; includeInIndex = 0; lastKnownFileType = unknown; name = AntDesign.ttf; path = ../android/app/src/main/assets/fonts/AntDesign.ttf; sourceTree = "<group>"; };
		56A65C8233324A6A99287CFF /* FontAwesome5_Regular.ttf */ = {isa = PBXFileReference; explicitFileType = undefined; fileEncoding = 9; includeInIndex = 0; lastKnownFileType = unknown; name = FontAwesome5_Regular.ttf; path = ../android/app/src/main/assets/fonts/FontAwesome5_Regular.ttf; sourceTree = "<group>"; };
		58C60661E3E5FA071EE606B8 /* Pods-universalcraftmarket-universalcraftmarketTests.debug.xcconfig */ = {isa = PBXFileReference; includeInIndex = 1; lastKnownFileType = text.xcconfig; name = "Pods-universalcraftmarket-universalcraftmarketTests.debug.xcconfig"; path = "Target Support Files/Pods-universalcraftmarket-universalcraftmarketTests/Pods-universalcraftmarket-universalcraftmarketTests.debug.xcconfig"; sourceTree = "<group>"; };
		59CB34C03F2A45D0A801AB76 /* FontAwesome5_Brands.ttf */ = {isa = PBXFileReference; explicitFileType = undefined; fileEncoding = 9; includeInIndex = 0; lastKnownFileType = unknown; name = FontAwesome5_Brands.ttf; path = ../android/app/src/main/assets/fonts/FontAwesome5_Brands.ttf; sourceTree = "<group>"; };
		5EB1671632064632946A92BE /* Zocial.ttf */ = {isa = PBXFileReference; explicitFileType = undefined; fileEncoding = 9; includeInIndex = 0; lastKnownFileType = unknown; name = Zocial.ttf; path = ../android/app/src/main/assets/fonts/Zocial.ttf; sourceTree = "<group>"; };
		7EFE7B4808284E588FED071F /* Poppins-Bold.ttf */ = {isa = PBXFileReference; explicitFileType = undefined; fileEncoding = 9; includeInIndex = 0; lastKnownFileType = unknown; name = "Poppins-Bold.ttf"; path = "../android/app/src/main/assets/fonts/Poppins-Bold.ttf"; sourceTree = "<group>"; };
		81AB9BB72411601600AC10FF /* LaunchScreen.storyboard */ = {isa = PBXFileReference; fileEncoding = 4; lastKnownFileType = file.storyboard; name = LaunchScreen.storyboard; path = universalcraftmarket/LaunchScreen.storyboard; sourceTree = "<group>"; };
		848386516D154A17A5CB7069 /* Fontisto.ttf */ = {isa = PBXFileReference; explicitFileType = undefined; fileEncoding = 9; includeInIndex = 0; lastKnownFileType = unknown; name = Fontisto.ttf; path = ../android/app/src/main/assets/fonts/Fontisto.ttf; sourceTree = "<group>"; };
		8798891D73E34235BF37D67D /* Feather.ttf */ = {isa = PBXFileReference; explicitFileType = undefined; fileEncoding = 9; includeInIndex = 0; lastKnownFileType = unknown; name = Feather.ttf; path = ../android/app/src/main/assets/fonts/Feather.ttf; sourceTree = "<group>"; };
		8A2B254B76E6484AA178F695 /* Ionicons.ttf */ = {isa = PBXFileReference; explicitFileType = undefined; fileEncoding = 9; includeInIndex = 0; lastKnownFileType = unknown; name = Ionicons.ttf; path = ../android/app/src/main/assets/fonts/Ionicons.ttf; sourceTree = "<group>"; };
		9DE383E045A444B7880C2C6F /* EvilIcons.ttf */ = {isa = PBXFileReference; explicitFileType = undefined; fileEncoding = 9; includeInIndex = 0; lastKnownFileType = unknown; name = EvilIcons.ttf; path = ../android/app/src/main/assets/fonts/EvilIcons.ttf; sourceTree = "<group>"; };
		C11B326E97054719B53B4203 /* Octicons.ttf */ = {isa = PBXFileReference; explicitFileType = undefined; fileEncoding = 9; includeInIndex = 0; lastKnownFileType = unknown; name = Octicons.ttf; path = ../android/app/src/main/assets/fonts/Octicons.ttf; sourceTree = "<group>"; };
		CE800BC62703400100033BDF /* libDoubleConversion.a */ = {isa = PBXFileReference; explicitFileType = archive.ar; path = libDoubleConversion.a; sourceTree = BUILT_PRODUCTS_DIR; };
		CE800BC82703400100033BDF /* libFBReactNativeSpec.a */ = {isa = PBXFileReference; explicitFileType = archive.ar; path = libFBReactNativeSpec.a; sourceTree = BUILT_PRODUCTS_DIR; };
		CE800BCA2703400100033BDF /* libFlipper.a */ = {isa = PBXFileReference; explicitFileType = archive.ar; path = libFlipper.a; sourceTree = BUILT_PRODUCTS_DIR; };
		CE800BCC2703400100033BDF /* libFlipper-Boost-iOSX.a */ = {isa = PBXFileReference; explicitFileType = archive.ar; path = "libFlipper-Boost-iOSX.a"; sourceTree = BUILT_PRODUCTS_DIR; };
		CE800BCE2703400100033BDF /* libFlipper-Fmt.a */ = {isa = PBXFileReference; explicitFileType = archive.ar; path = "libFlipper-Fmt.a"; sourceTree = BUILT_PRODUCTS_DIR; };
		CE800BD02703400100033BDF /* libFlipper-Folly.a */ = {isa = PBXFileReference; explicitFileType = archive.ar; path = "libFlipper-Folly.a"; sourceTree = BUILT_PRODUCTS_DIR; };
		CE800BD22703400100033BDF /* libFlipper-Glog.a */ = {isa = PBXFileReference; explicitFileType = archive.ar; path = "libFlipper-Glog.a"; sourceTree = BUILT_PRODUCTS_DIR; };
		CE800BD42703400100033BDF /* libFlipper-PeerTalk.a */ = {isa = PBXFileReference; explicitFileType = archive.ar; path = "libFlipper-PeerTalk.a"; sourceTree = BUILT_PRODUCTS_DIR; };
		CE800BD62703400100033BDF /* libFlipper-RSocket.a */ = {isa = PBXFileReference; explicitFileType = archive.ar; path = "libFlipper-RSocket.a"; sourceTree = BUILT_PRODUCTS_DIR; };
		CE800BD82703400100033BDF /* libFlipperKit.a */ = {isa = PBXFileReference; explicitFileType = archive.ar; path = libFlipperKit.a; sourceTree = BUILT_PRODUCTS_DIR; };
		CE800BDA2703400100033BDF /* libfmt.a */ = {isa = PBXFileReference; explicitFileType = archive.ar; path = libfmt.a; sourceTree = BUILT_PRODUCTS_DIR; };
		CE800BDC2703400100033BDF /* libglog.a */ = {isa = PBXFileReference; explicitFileType = archive.ar; path = libglog.a; sourceTree = BUILT_PRODUCTS_DIR; };
		CE800BDE2703400100033BDF /* liblibevent.a */ = {isa = PBXFileReference; explicitFileType = archive.ar; path = liblibevent.a; sourceTree = BUILT_PRODUCTS_DIR; };
		CE800BE02703400100033BDF /* liblibwebp.a */ = {isa = PBXFileReference; explicitFileType = archive.ar; path = liblibwebp.a; sourceTree = BUILT_PRODUCTS_DIR; };
		CE800BE62703400100033BDF /* libRCT-Folly.a */ = {isa = PBXFileReference; explicitFileType = archive.ar; path = "libRCT-Folly.a"; sourceTree = BUILT_PRODUCTS_DIR; };
		CE800BE82703400100033BDF /* libRCTTypeSafety.a */ = {isa = PBXFileReference; explicitFileType = archive.ar; path = libRCTTypeSafety.a; sourceTree = BUILT_PRODUCTS_DIR; };
		CE800BEA2703400100033BDF /* libReact-Core.a */ = {isa = PBXFileReference; explicitFileType = archive.ar; path = "libReact-Core.a"; sourceTree = BUILT_PRODUCTS_DIR; };
		CE800BEC2703400100033BDF /* libReact-CoreModules.a */ = {isa = PBXFileReference; explicitFileType = archive.ar; path = "libReact-CoreModules.a"; sourceTree = BUILT_PRODUCTS_DIR; };
		CE800BEE2703400100033BDF /* libReact-cxxreact.a */ = {isa = PBXFileReference; explicitFileType = archive.ar; path = "libReact-cxxreact.a"; sourceTree = BUILT_PRODUCTS_DIR; };
		CE800BF02703400100033BDF /* libReact-jsi.a */ = {isa = PBXFileReference; explicitFileType = archive.ar; path = "libReact-jsi.a"; sourceTree = BUILT_PRODUCTS_DIR; };
		CE800BF22703400100033BDF /* libReact-jsiexecutor.a */ = {isa = PBXFileReference; explicitFileType = archive.ar; path = "libReact-jsiexecutor.a"; sourceTree = BUILT_PRODUCTS_DIR; };
		CE800BF42703400100033BDF /* libReact-jsinspector.a */ = {isa = PBXFileReference; explicitFileType = archive.ar; path = "libReact-jsinspector.a"; sourceTree = BUILT_PRODUCTS_DIR; };
		CE800BF62703400100033BDF /* libreact-native-safe-area-context.a */ = {isa = PBXFileReference; explicitFileType = archive.ar; path = "libreact-native-safe-area-context.a"; sourceTree = BUILT_PRODUCTS_DIR; };
		CE800BF82703400100033BDF /* libReact-perflogger.a */ = {isa = PBXFileReference; explicitFileType = archive.ar; path = "libReact-perflogger.a"; sourceTree = BUILT_PRODUCTS_DIR; };
		CE800BFA2703400100033BDF /* libReact-RCTAnimation.a */ = {isa = PBXFileReference; explicitFileType = archive.ar; path = "libReact-RCTAnimation.a"; sourceTree = BUILT_PRODUCTS_DIR; };
		CE800BFC2703400100033BDF /* libReact-RCTBlob.a */ = {isa = PBXFileReference; explicitFileType = archive.ar; path = "libReact-RCTBlob.a"; sourceTree = BUILT_PRODUCTS_DIR; };
		CE800BFE2703400100033BDF /* libReact-RCTImage.a */ = {isa = PBXFileReference; explicitFileType = archive.ar; path = "libReact-RCTImage.a"; sourceTree = BUILT_PRODUCTS_DIR; };
		CE800C002703400100033BDF /* libReact-RCTLinking.a */ = {isa = PBXFileReference; explicitFileType = archive.ar; path = "libReact-RCTLinking.a"; sourceTree = BUILT_PRODUCTS_DIR; };
		CE800C022703400100033BDF /* libReact-RCTNetwork.a */ = {isa = PBXFileReference; explicitFileType = archive.ar; path = "libReact-RCTNetwork.a"; sourceTree = BUILT_PRODUCTS_DIR; };
		CE800C042703400100033BDF /* libReact-RCTSettings.a */ = {isa = PBXFileReference; explicitFileType = archive.ar; path = "libReact-RCTSettings.a"; sourceTree = BUILT_PRODUCTS_DIR; };
		CE800C062703400100033BDF /* libReact-RCTText.a */ = {isa = PBXFileReference; explicitFileType = archive.ar; path = "libReact-RCTText.a"; sourceTree = BUILT_PRODUCTS_DIR; };
		CE800C082703400100033BDF /* libReact-RCTVibration.a */ = {isa = PBXFileReference; explicitFileType = archive.ar; path = "libReact-RCTVibration.a"; sourceTree = BUILT_PRODUCTS_DIR; };
		CE800C0A2703400100033BDF /* libReactCommon.a */ = {isa = PBXFileReference; explicitFileType = archive.ar; path = libReactCommon.a; sourceTree = BUILT_PRODUCTS_DIR; };
		CE800C0C2703400100033BDF /* libRNCAsyncStorage.a */ = {isa = PBXFileReference; explicitFileType = archive.ar; path = libRNCAsyncStorage.a; sourceTree = BUILT_PRODUCTS_DIR; };
		CE800C0E2703400100033BDF /* libRNCMaskedView.a */ = {isa = PBXFileReference; explicitFileType = archive.ar; path = libRNCMaskedView.a; sourceTree = BUILT_PRODUCTS_DIR; };
		CE800C102703400100033BDF /* libRNFastImage.a */ = {isa = PBXFileReference; explicitFileType = archive.ar; path = libRNFastImage.a; sourceTree = BUILT_PRODUCTS_DIR; };
		CE800C122703400100033BDF /* libRNGestureHandler.a */ = {isa = PBXFileReference; explicitFileType = archive.ar; path = libRNGestureHandler.a; sourceTree = BUILT_PRODUCTS_DIR; };
		CE800C142703400100033BDF /* libRNReanimated.a */ = {isa = PBXFileReference; explicitFileType = archive.ar; path = libRNReanimated.a; sourceTree = BUILT_PRODUCTS_DIR; };
		CE800C162703400100033BDF /* libRNScreens.a */ = {isa = PBXFileReference; explicitFileType = archive.ar; path = libRNScreens.a; sourceTree = BUILT_PRODUCTS_DIR; };
		CE800C182703400100033BDF /* libRNSVG.a */ = {isa = PBXFileReference; explicitFileType = archive.ar; path = libRNSVG.a; sourceTree = BUILT_PRODUCTS_DIR; };
		CE800C1A2703400100033BDF /* libRNVectorIcons.a */ = {isa = PBXFileReference; explicitFileType = archive.ar; path = libRNVectorIcons.a; sourceTree = BUILT_PRODUCTS_DIR; };
		CE800C1C2703400100033BDF /* libSDWebImage.a */ = {isa = PBXFileReference; explicitFileType = archive.ar; path = libSDWebImage.a; sourceTree = BUILT_PRODUCTS_DIR; };
		CE800C1E2703400100033BDF /* libSDWebImageWebPCoder.a */ = {isa = PBXFileReference; explicitFileType = archive.ar; path = libSDWebImageWebPCoder.a; sourceTree = BUILT_PRODUCTS_DIR; };
		CE800C202703400100033BDF /* libStripe.a */ = {isa = PBXFileReference; explicitFileType = archive.ar; path = libStripe.a; sourceTree = BUILT_PRODUCTS_DIR; };
		CE800C222703400100033BDF /* libstripe-react-native.a */ = {isa = PBXFileReference; explicitFileType = archive.ar; path = "libstripe-react-native.a"; sourceTree = BUILT_PRODUCTS_DIR; };
		CE800C242703400100033BDF /* libStripeCore.a */ = {isa = PBXFileReference; explicitFileType = archive.ar; path = libStripeCore.a; sourceTree = BUILT_PRODUCTS_DIR; };
		CE800C262703400100033BDF /* libYoga.a */ = {isa = PBXFileReference; explicitFileType = archive.ar; path = libYoga.a; sourceTree = BUILT_PRODUCTS_DIR; };
		CE800C282703400100033BDF /* libYogaKit.a */ = {isa = PBXFileReference; explicitFileType = archive.ar; path = libYogaKit.a; sourceTree = BUILT_PRODUCTS_DIR; };
		CEBC082A2705CBC4001A6EC9 /* libCocoaAsyncSocket.a */ = {isa = PBXFileReference; explicitFileType = archive.ar; path = libCocoaAsyncSocket.a; sourceTree = BUILT_PRODUCTS_DIR; };
		CEBF8C142700BE0600A2423E /* double-conversion.xcframework */ = {isa = PBXFileReference; lastKnownFileType = wrapper.xcframework; name = "double-conversion.xcframework"; path = "Pods/Flipper-DoubleConversion/Frameworks/double-conversion.xcframework"; sourceTree = "<group>"; };
		CEBF8C162700BE0600A2423E /* libDoubleConversion.a */ = {isa = PBXFileReference; explicitFileType = archive.ar; path = libDoubleConversion.a; sourceTree = BUILT_PRODUCTS_DIR; };
		CEBF8C182700BE0600A2423E /* libFBReactNativeSpec.a */ = {isa = PBXFileReference; explicitFileType = archive.ar; path = libFBReactNativeSpec.a; sourceTree = BUILT_PRODUCTS_DIR; };
		CEBF8C1A2700BE0600A2423E /* libFlipper.a */ = {isa = PBXFileReference; explicitFileType = archive.ar; path = libFlipper.a; sourceTree = BUILT_PRODUCTS_DIR; };
		CEBF8C1C2700BE0600A2423E /* libFlipper-Boost-iOSX.a */ = {isa = PBXFileReference; explicitFileType = archive.ar; path = "libFlipper-Boost-iOSX.a"; sourceTree = BUILT_PRODUCTS_DIR; };
		CEBF8C1E2700BE0600A2423E /* libFlipper-Fmt.a */ = {isa = PBXFileReference; explicitFileType = archive.ar; path = "libFlipper-Fmt.a"; sourceTree = BUILT_PRODUCTS_DIR; };
		CEBF8C202700BE0600A2423E /* libFlipper-Folly.a */ = {isa = PBXFileReference; explicitFileType = archive.ar; path = "libFlipper-Folly.a"; sourceTree = BUILT_PRODUCTS_DIR; };
		CEBF8C222700BE0600A2423E /* libFlipper-Glog.a */ = {isa = PBXFileReference; explicitFileType = archive.ar; path = "libFlipper-Glog.a"; sourceTree = BUILT_PRODUCTS_DIR; };
		CEBF8C242700BE0600A2423E /* libFlipper-PeerTalk.a */ = {isa = PBXFileReference; explicitFileType = archive.ar; path = "libFlipper-PeerTalk.a"; sourceTree = BUILT_PRODUCTS_DIR; };
		CEBF8C262700BE0600A2423E /* libFlipper-RSocket.a */ = {isa = PBXFileReference; explicitFileType = archive.ar; path = "libFlipper-RSocket.a"; sourceTree = BUILT_PRODUCTS_DIR; };
		CEBF8C282700BE0600A2423E /* libFlipperKit.a */ = {isa = PBXFileReference; explicitFileType = archive.ar; path = libFlipperKit.a; sourceTree = BUILT_PRODUCTS_DIR; };
		CEBF8C2A2700BE0600A2423E /* libfmt.a */ = {isa = PBXFileReference; explicitFileType = archive.ar; path = libfmt.a; sourceTree = BUILT_PRODUCTS_DIR; };
		CEBF8C2C2700BE0600A2423E /* libglog.a */ = {isa = PBXFileReference; explicitFileType = archive.ar; path = libglog.a; sourceTree = BUILT_PRODUCTS_DIR; };
		CEBF8C2E2700BE0600A2423E /* liblibevent.a */ = {isa = PBXFileReference; explicitFileType = archive.ar; path = liblibevent.a; sourceTree = BUILT_PRODUCTS_DIR; };
		CEBF8C302700BE0600A2423E /* liblibwebp.a */ = {isa = PBXFileReference; explicitFileType = archive.ar; path = liblibwebp.a; sourceTree = BUILT_PRODUCTS_DIR; };
		CEBF8C322700BE0600A2423E /* OpenSSL.xcframework */ = {isa = PBXFileReference; lastKnownFileType = wrapper.xcframework; name = OpenSSL.xcframework; path = "Pods/OpenSSL-Universal/Frameworks/OpenSSL.xcframework"; sourceTree = "<group>"; };
		CEBF8C382700BE0600A2423E /* libRCT-Folly.a */ = {isa = PBXFileReference; explicitFileType = archive.ar; path = "libRCT-Folly.a"; sourceTree = BUILT_PRODUCTS_DIR; };
		CEBF8C3A2700BE0600A2423E /* libRCTTypeSafety.a */ = {isa = PBXFileReference; explicitFileType = archive.ar; path = libRCTTypeSafety.a; sourceTree = BUILT_PRODUCTS_DIR; };
		CEBF8C3C2700BE0600A2423E /* libReact-Core.a */ = {isa = PBXFileReference; explicitFileType = archive.ar; path = "libReact-Core.a"; sourceTree = BUILT_PRODUCTS_DIR; };
		CEBF8C3E2700BE0600A2423E /* libReact-CoreModules.a */ = {isa = PBXFileReference; explicitFileType = archive.ar; path = "libReact-CoreModules.a"; sourceTree = BUILT_PRODUCTS_DIR; };
		CEBF8C402700BE0600A2423E /* libReact-cxxreact.a */ = {isa = PBXFileReference; explicitFileType = archive.ar; path = "libReact-cxxreact.a"; sourceTree = BUILT_PRODUCTS_DIR; };
		CEBF8C422700BE0600A2423E /* libReact-jsi.a */ = {isa = PBXFileReference; explicitFileType = archive.ar; path = "libReact-jsi.a"; sourceTree = BUILT_PRODUCTS_DIR; };
		CEBF8C442700BE0600A2423E /* libReact-jsiexecutor.a */ = {isa = PBXFileReference; explicitFileType = archive.ar; path = "libReact-jsiexecutor.a"; sourceTree = BUILT_PRODUCTS_DIR; };
		CEBF8C462700BE0600A2423E /* libReact-jsinspector.a */ = {isa = PBXFileReference; explicitFileType = archive.ar; path = "libReact-jsinspector.a"; sourceTree = BUILT_PRODUCTS_DIR; };
		CEBF8C482700BE0600A2423E /* libreact-native-safe-area-context.a */ = {isa = PBXFileReference; explicitFileType = archive.ar; path = "libreact-native-safe-area-context.a"; sourceTree = BUILT_PRODUCTS_DIR; };
		CEBF8C4A2700BE0600A2423E /* libReact-perflogger.a */ = {isa = PBXFileReference; explicitFileType = archive.ar; path = "libReact-perflogger.a"; sourceTree = BUILT_PRODUCTS_DIR; };
		CEBF8C4C2700BE0600A2423E /* libReact-RCTAnimation.a */ = {isa = PBXFileReference; explicitFileType = archive.ar; path = "libReact-RCTAnimation.a"; sourceTree = BUILT_PRODUCTS_DIR; };
		CEBF8C4E2700BE0600A2423E /* libReact-RCTBlob.a */ = {isa = PBXFileReference; explicitFileType = archive.ar; path = "libReact-RCTBlob.a"; sourceTree = BUILT_PRODUCTS_DIR; };
		CEBF8C502700BE0600A2423E /* libReact-RCTImage.a */ = {isa = PBXFileReference; explicitFileType = archive.ar; path = "libReact-RCTImage.a"; sourceTree = BUILT_PRODUCTS_DIR; };
		CEBF8C522700BE0600A2423E /* libReact-RCTLinking.a */ = {isa = PBXFileReference; explicitFileType = archive.ar; path = "libReact-RCTLinking.a"; sourceTree = BUILT_PRODUCTS_DIR; };
		CEBF8C542700BE0600A2423E /* libReact-RCTNetwork.a */ = {isa = PBXFileReference; explicitFileType = archive.ar; path = "libReact-RCTNetwork.a"; sourceTree = BUILT_PRODUCTS_DIR; };
		CEBF8C562700BE0600A2423E /* libReact-RCTSettings.a */ = {isa = PBXFileReference; explicitFileType = archive.ar; path = "libReact-RCTSettings.a"; sourceTree = BUILT_PRODUCTS_DIR; };
		CEBF8C582700BE0600A2423E /* libReact-RCTText.a */ = {isa = PBXFileReference; explicitFileType = archive.ar; path = "libReact-RCTText.a"; sourceTree = BUILT_PRODUCTS_DIR; };
		CEBF8C5A2700BE0600A2423E /* libReact-RCTVibration.a */ = {isa = PBXFileReference; explicitFileType = archive.ar; path = "libReact-RCTVibration.a"; sourceTree = BUILT_PRODUCTS_DIR; };
		CEBF8C5C2700BE0600A2423E /* libReactCommon.a */ = {isa = PBXFileReference; explicitFileType = archive.ar; path = libReactCommon.a; sourceTree = BUILT_PRODUCTS_DIR; };
		CEBF8C5E2700BE0600A2423E /* libRNCAsyncStorage.a */ = {isa = PBXFileReference; explicitFileType = archive.ar; path = libRNCAsyncStorage.a; sourceTree = BUILT_PRODUCTS_DIR; };
		CEBF8C602700BE0600A2423E /* libRNCMaskedView.a */ = {isa = PBXFileReference; explicitFileType = archive.ar; path = libRNCMaskedView.a; sourceTree = BUILT_PRODUCTS_DIR; };
		CEBF8C622700BE0600A2423E /* libRNFastImage.a */ = {isa = PBXFileReference; explicitFileType = archive.ar; path = libRNFastImage.a; sourceTree = BUILT_PRODUCTS_DIR; };
		CEBF8C642700BE0600A2423E /* libRNGestureHandler.a */ = {isa = PBXFileReference; explicitFileType = archive.ar; path = libRNGestureHandler.a; sourceTree = BUILT_PRODUCTS_DIR; };
		CEBF8C662700BE0600A2423E /* libRNReanimated.a */ = {isa = PBXFileReference; explicitFileType = archive.ar; path = libRNReanimated.a; sourceTree = BUILT_PRODUCTS_DIR; };
		CEBF8C682700BE0600A2423E /* libRNScreens.a */ = {isa = PBXFileReference; explicitFileType = archive.ar; path = libRNScreens.a; sourceTree = BUILT_PRODUCTS_DIR; };
		CEBF8C6A2700BE0600A2423E /* libRNSVG.a */ = {isa = PBXFileReference; explicitFileType = archive.ar; path = libRNSVG.a; sourceTree = BUILT_PRODUCTS_DIR; };
		CEBF8C6C2700BE0600A2423E /* libRNVectorIcons.a */ = {isa = PBXFileReference; explicitFileType = archive.ar; path = libRNVectorIcons.a; sourceTree = BUILT_PRODUCTS_DIR; };
		CEBF8C6E2700BE0600A2423E /* libSDWebImage.a */ = {isa = PBXFileReference; explicitFileType = archive.ar; path = libSDWebImage.a; sourceTree = BUILT_PRODUCTS_DIR; };
		CEBF8C702700BE0600A2423E /* libSDWebImageWebPCoder.a */ = {isa = PBXFileReference; explicitFileType = archive.ar; path = libSDWebImageWebPCoder.a; sourceTree = BUILT_PRODUCTS_DIR; };
		CEBF8C722700BE0600A2423E /* libStripe.a */ = {isa = PBXFileReference; explicitFileType = archive.ar; path = libStripe.a; sourceTree = BUILT_PRODUCTS_DIR; };
		CEBF8C742700BE0600A2423E /* libstripe-react-native.a */ = {isa = PBXFileReference; explicitFileType = archive.ar; path = "libstripe-react-native.a"; sourceTree = BUILT_PRODUCTS_DIR; };
		CEBF8C762700BE0600A2423E /* libStripeCore.a */ = {isa = PBXFileReference; explicitFileType = archive.ar; path = libStripeCore.a; sourceTree = BUILT_PRODUCTS_DIR; };
		CEBF8C782700BE0600A2423E /* libYoga.a */ = {isa = PBXFileReference; explicitFileType = archive.ar; path = libYoga.a; sourceTree = BUILT_PRODUCTS_DIR; };
		CEBF8C7A2700BE0600A2423E /* libYogaKit.a */ = {isa = PBXFileReference; explicitFileType = archive.ar; path = libYogaKit.a; sourceTree = BUILT_PRODUCTS_DIR; };
		CEC20257270600C60040F4D6 /* Fonts */ = {isa = PBXFileReference; lastKnownFileType = folder; path = Fonts; sourceTree = "<group>"; };
		CEDF5A382704C0A400D737C5 /* universalcraftmarket-Bridging-Header.h */ = {isa = PBXFileReference; lastKnownFileType = sourcecode.c.h; path = "universalcraftmarket-Bridging-Header.h"; sourceTree = "<group>"; };
		CEDF5A392704C0A500D737C5 /* File.swift */ = {isa = PBXFileReference; lastKnownFileType = sourcecode.swift; path = File.swift; sourceTree = "<group>"; };
		E00B31B103D04CF2A3BCB8F7 /* MaterialIcons.ttf */ = {isa = PBXFileReference; explicitFileType = undefined; fileEncoding = 9; includeInIndex = 0; lastKnownFileType = unknown; name = MaterialIcons.ttf; path = ../android/app/src/main/assets/fonts/MaterialIcons.ttf; sourceTree = "<group>"; };
		E05B6F0F2EF654CB90C3CCF4 /* Pods-universalcraftmarket-universalcraftmarketTests.release.xcconfig */ = {isa = PBXFileReference; includeInIndex = 1; lastKnownFileType = text.xcconfig; name = "Pods-universalcraftmarket-universalcraftmarketTests.release.xcconfig"; path = "Target Support Files/Pods-universalcraftmarket-universalcraftmarketTests/Pods-universalcraftmarket-universalcraftmarketTests.release.xcconfig"; sourceTree = "<group>"; };
		E5FFAC21C57D4505A2A4AD36 /* MaterialCommunityIcons.ttf */ = {isa = PBXFileReference; explicitFileType = undefined; fileEncoding = 9; includeInIndex = 0; lastKnownFileType = unknown; name = MaterialCommunityIcons.ttf; path = ../android/app/src/main/assets/fonts/MaterialCommunityIcons.ttf; sourceTree = "<group>"; };
		EA22CEE3E0BC400C9982D97B /* FontAwesome.ttf */ = {isa = PBXFileReference; explicitFileType = undefined; fileEncoding = 9; includeInIndex = 0; lastKnownFileType = unknown; name = FontAwesome.ttf; path = ../android/app/src/main/assets/fonts/FontAwesome.ttf; sourceTree = "<group>"; };
		EBC41FC94C8F20EC2F24FA2D /* Pods-universalcraftmarket.release.xcconfig */ = {isa = PBXFileReference; includeInIndex = 1; lastKnownFileType = text.xcconfig; name = "Pods-universalcraftmarket.release.xcconfig"; path = "Target Support Files/Pods-universalcraftmarket/Pods-universalcraftmarket.release.xcconfig"; sourceTree = "<group>"; };
		EC0FCC50F656473A8B694F60 /* Muli-Regular.ttf */ = {isa = PBXFileReference; explicitFileType = undefined; fileEncoding = 9; includeInIndex = 0; lastKnownFileType = unknown; name = "Muli-Regular.ttf"; path = "../android/app/src/main/assets/fonts/Muli-Regular.ttf"; sourceTree = "<group>"; };
		ED297162215061F000B7C4FE /* JavaScriptCore.framework */ = {isa = PBXFileReference; lastKnownFileType = wrapper.framework; name = JavaScriptCore.framework; path = System/Library/Frameworks/JavaScriptCore.framework; sourceTree = SDKROOT; };
		EF399B8A29F74724A88FA814 /* Entypo.ttf */ = {isa = PBXFileReference; explicitFileType = undefined; fileEncoding = 9; includeInIndex = 0; lastKnownFileType = unknown; name = Entypo.ttf; path = ../android/app/src/main/assets/fonts/Entypo.ttf; sourceTree = "<group>"; };
		FB1659B383E346E4E01B6720 /* libPods-universalcraftmarket-universalcraftmarketTests.a */ = {isa = PBXFileReference; explicitFileType = archive.ar; includeInIndex = 0; path = "libPods-universalcraftmarket-universalcraftmarketTests.a"; sourceTree = BUILT_PRODUCTS_DIR; };
/* End PBXFileReference section */

/* Begin PBXFrameworksBuildPhase section */
		00E356EB1AD99517003FC87E /* Frameworks */ = {
			isa = PBXFrameworksBuildPhase;
			buildActionMask = 2147483647;
			files = (
				B5D1334F1CCB42DD69E0794A /* libPods-universalcraftmarket-universalcraftmarketTests.a in Frameworks */,
			);
			runOnlyForDeploymentPostprocessing = 0;
		};
		13B07F8C1A680F5B00A75B9A /* Frameworks */ = {
			isa = PBXFrameworksBuildPhase;
			buildActionMask = 2147483647;
			files = (
				21538466A1A9479D0F831741 /* libPods-universalcraftmarket.a in Frameworks */,
			);
			runOnlyForDeploymentPostprocessing = 0;
		};
/* End PBXFrameworksBuildPhase section */

/* Begin PBXGroup section */
		00E356EF1AD99517003FC87E /* universalcraftmarketTests */ = {
			isa = PBXGroup;
			children = (
				00E356F21AD99517003FC87E /* universalcraftmarketTests.m */,
				00E356F01AD99517003FC87E /* Supporting Files */,
			);
			path = universalcraftmarketTests;
			sourceTree = "<group>";
		};
		00E356F01AD99517003FC87E /* Supporting Files */ = {
			isa = PBXGroup;
			children = (
				00E356F11AD99517003FC87E /* Info.plist */,
			);
			name = "Supporting Files";
			sourceTree = "<group>";
		};
		13B07FAE1A68108700A75B9A /* universalcraftmarket */ = {
			isa = PBXGroup;
			children = (
				13B07FAF1A68108700A75B9A /* AppDelegate.h */,
				13B07FB01A68108700A75B9A /* AppDelegate.m */,
				13B07FB51A68108700A75B9A /* Images.xcassets */,
				13B07FB61A68108700A75B9A /* Info.plist */,
				81AB9BB72411601600AC10FF /* LaunchScreen.storyboard */,
				13B07FB71A68108700A75B9A /* main.m */,
			);
			name = universalcraftmarket;
			sourceTree = "<group>";
		};
		24062F7FA37242ABB8D3EE20 /* Resources */ = {
			isa = PBXGroup;
			children = (
				4CAB045EE9F74B06BB0ECEBD /* AntDesign.ttf */,
				EF399B8A29F74724A88FA814 /* Entypo.ttf */,
				9DE383E045A444B7880C2C6F /* EvilIcons.ttf */,
				8798891D73E34235BF37D67D /* Feather.ttf */,
				EA22CEE3E0BC400C9982D97B /* FontAwesome.ttf */,
				59CB34C03F2A45D0A801AB76 /* FontAwesome5_Brands.ttf */,
				56A65C8233324A6A99287CFF /* FontAwesome5_Regular.ttf */,
				464E422F3CFE4DE48FC33363 /* FontAwesome5_Solid.ttf */,
				848386516D154A17A5CB7069 /* Fontisto.ttf */,
				3F0D9C949831487FA24A02ED /* Foundation.ttf */,
				8A2B254B76E6484AA178F695 /* Ionicons.ttf */,
				E5FFAC21C57D4505A2A4AD36 /* MaterialCommunityIcons.ttf */,
				E00B31B103D04CF2A3BCB8F7 /* MaterialIcons.ttf */,
				EC0FCC50F656473A8B694F60 /* Muli-Regular.ttf */,
				C11B326E97054719B53B4203 /* Octicons.ttf */,
				7EFE7B4808284E588FED071F /* Poppins-Bold.ttf */,
				2465F84241B14E34A6AA1071 /* SimpleLineIcons.ttf */,
				5EB1671632064632946A92BE /* Zocial.ttf */,
			);
			name = Resources;
			sourceTree = "<group>";
		};
		2D16E6871FA4F8E400B85C8A /* Frameworks */ = {
			isa = PBXGroup;
			children = (
				CEBC082A2705CBC4001A6EC9 /* libCocoaAsyncSocket.a */,
				CE800BC62703400100033BDF /* libDoubleConversion.a */,
				CE800BC82703400100033BDF /* libFBReactNativeSpec.a */,
				CE800BCA2703400100033BDF /* libFlipper.a */,
				CE800BCC2703400100033BDF /* libFlipper-Boost-iOSX.a */,
				CE800BCE2703400100033BDF /* libFlipper-Fmt.a */,
				CE800BD02703400100033BDF /* libFlipper-Folly.a */,
				CE800BD22703400100033BDF /* libFlipper-Glog.a */,
				CE800BD42703400100033BDF /* libFlipper-PeerTalk.a */,
				CE800BD62703400100033BDF /* libFlipper-RSocket.a */,
				CE800BD82703400100033BDF /* libFlipperKit.a */,
				CE800BDA2703400100033BDF /* libfmt.a */,
				CE800BDC2703400100033BDF /* libglog.a */,
				CE800BDE2703400100033BDF /* liblibevent.a */,
				CE800BE02703400100033BDF /* liblibwebp.a */,
				CE800BE62703400100033BDF /* libRCT-Folly.a */,
				CE800BE82703400100033BDF /* libRCTTypeSafety.a */,
				CE800BEA2703400100033BDF /* libReact-Core.a */,
				CE800BEC2703400100033BDF /* libReact-CoreModules.a */,
				CE800BEE2703400100033BDF /* libReact-cxxreact.a */,
				CE800BF02703400100033BDF /* libReact-jsi.a */,
				CE800BF22703400100033BDF /* libReact-jsiexecutor.a */,
				CE800BF42703400100033BDF /* libReact-jsinspector.a */,
				CE800BF62703400100033BDF /* libreact-native-safe-area-context.a */,
				CE800BF82703400100033BDF /* libReact-perflogger.a */,
				CE800BFA2703400100033BDF /* libReact-RCTAnimation.a */,
				CE800BFC2703400100033BDF /* libReact-RCTBlob.a */,
				CE800BFE2703400100033BDF /* libReact-RCTImage.a */,
				CE800C002703400100033BDF /* libReact-RCTLinking.a */,
				CE800C022703400100033BDF /* libReact-RCTNetwork.a */,
				CE800C042703400100033BDF /* libReact-RCTSettings.a */,
				CE800C062703400100033BDF /* libReact-RCTText.a */,
				CE800C082703400100033BDF /* libReact-RCTVibration.a */,
				CE800C0A2703400100033BDF /* libReactCommon.a */,
				CE800C0C2703400100033BDF /* libRNCAsyncStorage.a */,
				CE800C0E2703400100033BDF /* libRNCMaskedView.a */,
				CE800C102703400100033BDF /* libRNFastImage.a */,
				CE800C122703400100033BDF /* libRNGestureHandler.a */,
				CE800C142703400100033BDF /* libRNReanimated.a */,
				CE800C162703400100033BDF /* libRNScreens.a */,
				CE800C182703400100033BDF /* libRNSVG.a */,
				CE800C1A2703400100033BDF /* libRNVectorIcons.a */,
				CE800C1C2703400100033BDF /* libSDWebImage.a */,
				CE800C1E2703400100033BDF /* libSDWebImageWebPCoder.a */,
				CE800C202703400100033BDF /* libStripe.a */,
				CE800C222703400100033BDF /* libstripe-react-native.a */,
				CE800C242703400100033BDF /* libStripeCore.a */,
				CE800C262703400100033BDF /* libYoga.a */,
				CE800C282703400100033BDF /* libYogaKit.a */,
				CEBF8C142700BE0600A2423E /* double-conversion.xcframework */,
				CEBF8C162700BE0600A2423E /* libDoubleConversion.a */,
				CEBF8C182700BE0600A2423E /* libFBReactNativeSpec.a */,
				CEBF8C1A2700BE0600A2423E /* libFlipper.a */,
				CEBF8C1C2700BE0600A2423E /* libFlipper-Boost-iOSX.a */,
				CEBF8C1E2700BE0600A2423E /* libFlipper-Fmt.a */,
				CEBF8C202700BE0600A2423E /* libFlipper-Folly.a */,
				CEBF8C222700BE0600A2423E /* libFlipper-Glog.a */,
				CEBF8C242700BE0600A2423E /* libFlipper-PeerTalk.a */,
				CEBF8C262700BE0600A2423E /* libFlipper-RSocket.a */,
				CEBF8C282700BE0600A2423E /* libFlipperKit.a */,
				CEBF8C2A2700BE0600A2423E /* libfmt.a */,
				CEBF8C2C2700BE0600A2423E /* libglog.a */,
				CEBF8C2E2700BE0600A2423E /* liblibevent.a */,
				CEBF8C302700BE0600A2423E /* liblibwebp.a */,
				CEBF8C322700BE0600A2423E /* OpenSSL.xcframework */,
				CEBF8C382700BE0600A2423E /* libRCT-Folly.a */,
				CEBF8C3A2700BE0600A2423E /* libRCTTypeSafety.a */,
				CEBF8C3C2700BE0600A2423E /* libReact-Core.a */,
				CEBF8C3E2700BE0600A2423E /* libReact-CoreModules.a */,
				CEBF8C402700BE0600A2423E /* libReact-cxxreact.a */,
				CEBF8C422700BE0600A2423E /* libReact-jsi.a */,
				CEBF8C442700BE0600A2423E /* libReact-jsiexecutor.a */,
				CEBF8C462700BE0600A2423E /* libReact-jsinspector.a */,
				CEBF8C482700BE0600A2423E /* libreact-native-safe-area-context.a */,
				CEBF8C4A2700BE0600A2423E /* libReact-perflogger.a */,
				CEBF8C4C2700BE0600A2423E /* libReact-RCTAnimation.a */,
				CEBF8C4E2700BE0600A2423E /* libReact-RCTBlob.a */,
				CEBF8C502700BE0600A2423E /* libReact-RCTImage.a */,
				CEBF8C522700BE0600A2423E /* libReact-RCTLinking.a */,
				CEBF8C542700BE0600A2423E /* libReact-RCTNetwork.a */,
				CEBF8C562700BE0600A2423E /* libReact-RCTSettings.a */,
				CEBF8C582700BE0600A2423E /* libReact-RCTText.a */,
				CEBF8C5A2700BE0600A2423E /* libReact-RCTVibration.a */,
				CEBF8C5C2700BE0600A2423E /* libReactCommon.a */,
				CEBF8C5E2700BE0600A2423E /* libRNCAsyncStorage.a */,
				CEBF8C602700BE0600A2423E /* libRNCMaskedView.a */,
				CEBF8C622700BE0600A2423E /* libRNFastImage.a */,
				CEBF8C642700BE0600A2423E /* libRNGestureHandler.a */,
				CEBF8C662700BE0600A2423E /* libRNReanimated.a */,
				CEBF8C682700BE0600A2423E /* libRNScreens.a */,
				CEBF8C6A2700BE0600A2423E /* libRNSVG.a */,
				CEBF8C6C2700BE0600A2423E /* libRNVectorIcons.a */,
				CEBF8C6E2700BE0600A2423E /* libSDWebImage.a */,
				CEBF8C702700BE0600A2423E /* libSDWebImageWebPCoder.a */,
				CEBF8C722700BE0600A2423E /* libStripe.a */,
				CEBF8C742700BE0600A2423E /* libstripe-react-native.a */,
				CEBF8C762700BE0600A2423E /* libStripeCore.a */,
				CEBF8C782700BE0600A2423E /* libYoga.a */,
				CEBF8C7A2700BE0600A2423E /* libYogaKit.a */,
				ED297162215061F000B7C4FE /* JavaScriptCore.framework */,
				15F88FEC9129E378BF45B027 /* libPods-universalcraftmarket.a */,
				FB1659B383E346E4E01B6720 /* libPods-universalcraftmarket-universalcraftmarketTests.a */,
			);
			name = Frameworks;
			sourceTree = "<group>";
		};
		832341AE1AAA6A7D00B99B32 /* Libraries */ = {
			isa = PBXGroup;
			children = (
			);
			name = Libraries;
			sourceTree = "<group>";
		};
		83CBB9F61A601CBA00E9B192 = {
			isa = PBXGroup;
			children = (
				CEC20257270600C60040F4D6 /* Fonts */,
				CEDF5A392704C0A500D737C5 /* File.swift */,
				13B07FAE1A68108700A75B9A /* universalcraftmarket */,
				832341AE1AAA6A7D00B99B32 /* Libraries */,
				00E356EF1AD99517003FC87E /* universalcraftmarketTests */,
				83CBBA001A601CBA00E9B192 /* Products */,
				2D16E6871FA4F8E400B85C8A /* Frameworks */,
				A6393982E72358E27DBA7DDB /* Pods */,
				24062F7FA37242ABB8D3EE20 /* Resources */,
				CEDF5A382704C0A400D737C5 /* universalcraftmarket-Bridging-Header.h */,
			);
			indentWidth = 2;
			sourceTree = "<group>";
			tabWidth = 2;
			usesTabs = 0;
		};
		83CBBA001A601CBA00E9B192 /* Products */ = {
			isa = PBXGroup;
			children = (
				13B07F961A680F5B00A75B9A /* universalcraftmarket.app */,
				00E356EE1AD99517003FC87E /* universalcraftmarketTests.xctest */,
			);
			name = Products;
			sourceTree = "<group>";
		};
		A6393982E72358E27DBA7DDB /* Pods */ = {
			isa = PBXGroup;
			children = (
				416C2AB1336BA2CB022BA105 /* Pods-universalcraftmarket.debug.xcconfig */,
				EBC41FC94C8F20EC2F24FA2D /* Pods-universalcraftmarket.release.xcconfig */,
				58C60661E3E5FA071EE606B8 /* Pods-universalcraftmarket-universalcraftmarketTests.debug.xcconfig */,
				E05B6F0F2EF654CB90C3CCF4 /* Pods-universalcraftmarket-universalcraftmarketTests.release.xcconfig */,
			);
			path = Pods;
			sourceTree = "<group>";
		};
/* End PBXGroup section */

/* Begin PBXNativeTarget section */
		00E356ED1AD99517003FC87E /* universalcraftmarketTests */ = {
			isa = PBXNativeTarget;
			buildConfigurationList = 00E357021AD99517003FC87E /* Build configuration list for PBXNativeTarget "universalcraftmarketTests" */;
			buildPhases = (
				37DD0D700C2493FE4CF2387B /* [CP] Check Pods Manifest.lock */,
				00E356EA1AD99517003FC87E /* Sources */,
				00E356EB1AD99517003FC87E /* Frameworks */,
				00E356EC1AD99517003FC87E /* Resources */,
				62A2E0EECB046B0FCB4B09D7 /* [CP] Embed Pods Frameworks */,
				6288C877203BE2504933CD81 /* [CP] Copy Pods Resources */,
			);
			buildRules = (
			);
			dependencies = (
				00E356F51AD99517003FC87E /* PBXTargetDependency */,
			);
			name = universalcraftmarketTests;
			productName = universalcraftmarketTests;
			productReference = 00E356EE1AD99517003FC87E /* universalcraftmarketTests.xctest */;
			productType = "com.apple.product-type.bundle.unit-test";
		};
		13B07F861A680F5B00A75B9A /* universalcraftmarket */ = {
			isa = PBXNativeTarget;
			buildConfigurationList = 13B07F931A680F5B00A75B9A /* Build configuration list for PBXNativeTarget "universalcraftmarket" */;
			buildPhases = (
				1A66CE632EA1B40E1EAC4A6F /* [CP] Check Pods Manifest.lock */,
				FD10A7F022414F080027D42C /* Start Packager */,
				13B07F871A680F5B00A75B9A /* Sources */,
				13B07F8C1A680F5B00A75B9A /* Frameworks */,
				13B07F8E1A680F5B00A75B9A /* Resources */,
				00DD1BFF1BD5951E006B06BC /* Bundle React Native code and images */,
				BA9DACF95100C38EC151F425 /* [CP] Embed Pods Frameworks */,
				D0C5B92C09944BF40D4878DA /* [CP] Copy Pods Resources */,
			);
			buildRules = (
			);
			dependencies = (
			);
			name = universalcraftmarket;
			productName = universalcraftmarket;
			productReference = 13B07F961A680F5B00A75B9A /* universalcraftmarket.app */;
			productType = "com.apple.product-type.application";
		};
/* End PBXNativeTarget section */

/* Begin PBXProject section */
		83CBB9F71A601CBA00E9B192 /* Project object */ = {
			isa = PBXProject;
			attributes = {
				LastUpgradeCheck = 1210;
				TargetAttributes = {
					00E356ED1AD99517003FC87E = {
						CreatedOnToolsVersion = 6.2;
						TestTargetID = 13B07F861A680F5B00A75B9A;
					};
					13B07F861A680F5B00A75B9A = {
						LastSwiftMigration = 1250;
					};
				};
			};
			buildConfigurationList = 83CBB9FA1A601CBA00E9B192 /* Build configuration list for PBXProject "universalcraftmarket" */;
			compatibilityVersion = "Xcode 12.0";
			developmentRegion = en;
			hasScannedForEncodings = 0;
			knownRegions = (
				en,
				Base,
			);
			mainGroup = 83CBB9F61A601CBA00E9B192;
			productRefGroup = 83CBBA001A601CBA00E9B192 /* Products */;
			projectDirPath = "";
			projectRoot = "";
			targets = (
				13B07F861A680F5B00A75B9A /* universalcraftmarket */,
				00E356ED1AD99517003FC87E /* universalcraftmarketTests */,
			);
		};
/* End PBXProject section */

/* Begin PBXResourcesBuildPhase section */
		00E356EC1AD99517003FC87E /* Resources */ = {
			isa = PBXResourcesBuildPhase;
			buildActionMask = 2147483647;
			files = (
			);
			runOnlyForDeploymentPostprocessing = 0;
		};
		13B07F8E1A680F5B00A75B9A /* Resources */ = {
			isa = PBXResourcesBuildPhase;
			buildActionMask = 2147483647;
			files = (
				CEB82FC02706D9D50085A2E6 /* Muli-Regular.ttf in Resources */,
				CEB82FBF2706D77C0085A2E6 /* Poppins-Bold.ttf in Resources */,
				CEC20258270600C60040F4D6 /* Fonts in Resources */,
				81AB9BB82411601600AC10FF /* LaunchScreen.storyboard in Resources */,
				13B07FBF1A68108700A75B9A /* Images.xcassets in Resources */,
			);
			runOnlyForDeploymentPostprocessing = 0;
		};
/* End PBXResourcesBuildPhase section */

/* Begin PBXShellScriptBuildPhase section */
		00DD1BFF1BD5951E006B06BC /* Bundle React Native code and images */ = {
			isa = PBXShellScriptBuildPhase;
			buildActionMask = 2147483647;
			files = (
			);
			inputPaths = (
			);
			name = "Bundle React Native code and images";
			outputPaths = (
			);
			runOnlyForDeploymentPostprocessing = 0;
			shellPath = /bin/sh;
			shellScript = "set -e\n\nexport NODE_BINARY=node\n../node_modules/react-native/scripts/react-native-xcode.sh\n";
		};
		1A66CE632EA1B40E1EAC4A6F /* [CP] Check Pods Manifest.lock */ = {
			isa = PBXShellScriptBuildPhase;
			buildActionMask = 2147483647;
			files = (
			);
			inputFileListPaths = (
			);
			inputPaths = (
				"${PODS_PODFILE_DIR_PATH}/Podfile.lock",
				"${PODS_ROOT}/Manifest.lock",
			);
			name = "[CP] Check Pods Manifest.lock";
			outputFileListPaths = (
			);
			outputPaths = (
				"$(DERIVED_FILE_DIR)/Pods-universalcraftmarket-checkManifestLockResult.txt",
			);
			runOnlyForDeploymentPostprocessing = 0;
			shellPath = /bin/sh;
			shellScript = "diff \"${PODS_PODFILE_DIR_PATH}/Podfile.lock\" \"${PODS_ROOT}/Manifest.lock\" > /dev/null\nif [ $? != 0 ] ; then\n    # print error to STDERR\n    echo \"error: The sandbox is not in sync with the Podfile.lock. Run 'pod install' or update your CocoaPods installation.\" >&2\n    exit 1\nfi\n# This output is used by Xcode 'outputs' to avoid re-running this script phase.\necho \"SUCCESS\" > \"${SCRIPT_OUTPUT_FILE_0}\"\n";
			showEnvVarsInLog = 0;
		};
		37DD0D700C2493FE4CF2387B /* [CP] Check Pods Manifest.lock */ = {
			isa = PBXShellScriptBuildPhase;
			buildActionMask = 2147483647;
			files = (
			);
			inputFileListPaths = (
			);
			inputPaths = (
				"${PODS_PODFILE_DIR_PATH}/Podfile.lock",
				"${PODS_ROOT}/Manifest.lock",
			);
			name = "[CP] Check Pods Manifest.lock";
			outputFileListPaths = (
			);
			outputPaths = (
				"$(DERIVED_FILE_DIR)/Pods-universalcraftmarket-universalcraftmarketTests-checkManifestLockResult.txt",
			);
			runOnlyForDeploymentPostprocessing = 0;
			shellPath = /bin/sh;
			shellScript = "diff \"${PODS_PODFILE_DIR_PATH}/Podfile.lock\" \"${PODS_ROOT}/Manifest.lock\" > /dev/null\nif [ $? != 0 ] ; then\n    # print error to STDERR\n    echo \"error: The sandbox is not in sync with the Podfile.lock. Run 'pod install' or update your CocoaPods installation.\" >&2\n    exit 1\nfi\n# This output is used by Xcode 'outputs' to avoid re-running this script phase.\necho \"SUCCESS\" > \"${SCRIPT_OUTPUT_FILE_0}\"\n";
			showEnvVarsInLog = 0;
		};
		6288C877203BE2504933CD81 /* [CP] Copy Pods Resources */ = {
			isa = PBXShellScriptBuildPhase;
			buildActionMask = 2147483647;
			files = (
			);
			inputFileListPaths = (
				"${PODS_ROOT}/Target Support Files/Pods-universalcraftmarket-universalcraftmarketTests/Pods-universalcraftmarket-universalcraftmarketTests-resources-${CONFIGURATION}-input-files.xcfilelist",
			);
			name = "[CP] Copy Pods Resources";
			outputFileListPaths = (
				"${PODS_ROOT}/Target Support Files/Pods-universalcraftmarket-universalcraftmarketTests/Pods-universalcraftmarket-universalcraftmarketTests-resources-${CONFIGURATION}-output-files.xcfilelist",
			);
			runOnlyForDeploymentPostprocessing = 0;
			shellPath = /bin/sh;
			shellScript = "\"${PODS_ROOT}/Target Support Files/Pods-universalcraftmarket-universalcraftmarketTests/Pods-universalcraftmarket-universalcraftmarketTests-resources.sh\"\n";
			showEnvVarsInLog = 0;
		};
		62A2E0EECB046B0FCB4B09D7 /* [CP] Embed Pods Frameworks */ = {
			isa = PBXShellScriptBuildPhase;
			buildActionMask = 2147483647;
			files = (
			);
			inputFileListPaths = (
				"${PODS_ROOT}/Target Support Files/Pods-universalcraftmarket-universalcraftmarketTests/Pods-universalcraftmarket-universalcraftmarketTests-frameworks-${CONFIGURATION}-input-files.xcfilelist",
			);
			name = "[CP] Embed Pods Frameworks";
			outputFileListPaths = (
				"${PODS_ROOT}/Target Support Files/Pods-universalcraftmarket-universalcraftmarketTests/Pods-universalcraftmarket-universalcraftmarketTests-frameworks-${CONFIGURATION}-output-files.xcfilelist",
			);
			runOnlyForDeploymentPostprocessing = 0;
			shellPath = /bin/sh;
			shellScript = "\"${PODS_ROOT}/Target Support Files/Pods-universalcraftmarket-universalcraftmarketTests/Pods-universalcraftmarket-universalcraftmarketTests-frameworks.sh\"\n";
			showEnvVarsInLog = 0;
		};
		BA9DACF95100C38EC151F425 /* [CP] Embed Pods Frameworks */ = {
			isa = PBXShellScriptBuildPhase;
			buildActionMask = 2147483647;
			files = (
			);
			inputFileListPaths = (
				"${PODS_ROOT}/Target Support Files/Pods-universalcraftmarket/Pods-universalcraftmarket-frameworks-${CONFIGURATION}-input-files.xcfilelist",
			);
			name = "[CP] Embed Pods Frameworks";
			outputFileListPaths = (
				"${PODS_ROOT}/Target Support Files/Pods-universalcraftmarket/Pods-universalcraftmarket-frameworks-${CONFIGURATION}-output-files.xcfilelist",
			);
			runOnlyForDeploymentPostprocessing = 0;
			shellPath = /bin/sh;
			shellScript = "\"${PODS_ROOT}/Target Support Files/Pods-universalcraftmarket/Pods-universalcraftmarket-frameworks.sh\"\n";
			showEnvVarsInLog = 0;
		};
		D0C5B92C09944BF40D4878DA /* [CP] Copy Pods Resources */ = {
			isa = PBXShellScriptBuildPhase;
			buildActionMask = 2147483647;
			files = (
			);
			inputFileListPaths = (
				"${PODS_ROOT}/Target Support Files/Pods-universalcraftmarket/Pods-universalcraftmarket-resources-${CONFIGURATION}-input-files.xcfilelist",
			);
			name = "[CP] Copy Pods Resources";
			outputFileListPaths = (
				"${PODS_ROOT}/Target Support Files/Pods-universalcraftmarket/Pods-universalcraftmarket-resources-${CONFIGURATION}-output-files.xcfilelist",
			);
			runOnlyForDeploymentPostprocessing = 0;
			shellPath = /bin/sh;
			shellScript = "\"${PODS_ROOT}/Target Support Files/Pods-universalcraftmarket/Pods-universalcraftmarket-resources.sh\"\n";
			showEnvVarsInLog = 0;
		};
		FD10A7F022414F080027D42C /* Start Packager */ = {
			isa = PBXShellScriptBuildPhase;
			buildActionMask = 2147483647;
			files = (
			);
			inputFileListPaths = (
			);
			inputPaths = (
			);
			name = "Start Packager";
			outputFileListPaths = (
			);
			outputPaths = (
			);
			runOnlyForDeploymentPostprocessing = 0;
			shellPath = /bin/sh;
			shellScript = "export RCT_METRO_PORT=\"${RCT_METRO_PORT:=8081}\"\necho \"export RCT_METRO_PORT=${RCT_METRO_PORT}\" > \"${SRCROOT}/../node_modules/react-native/scripts/.packager.env\"\nif [ -z \"${RCT_NO_LAUNCH_PACKAGER+xxx}\" ] ; then\n  if nc -w 5 -z localhost ${RCT_METRO_PORT} ; then\n    if ! curl -s \"http://localhost:${RCT_METRO_PORT}/status\" | grep -q \"packager-status:running\" ; then\n      echo \"Port ${RCT_METRO_PORT} already in use, packager is either not running or not running correctly\"\n      exit 2\n    fi\n  else\n    open \"$SRCROOT/../node_modules/react-native/scripts/launchPackager.command\" || echo \"Can't start packager automatically\"\n  fi\nfi\n";
			showEnvVarsInLog = 0;
		};
/* End PBXShellScriptBuildPhase section */

/* Begin PBXSourcesBuildPhase section */
		00E356EA1AD99517003FC87E /* Sources */ = {
			isa = PBXSourcesBuildPhase;
			buildActionMask = 2147483647;
			files = (
				00E356F31AD99517003FC87E /* universalcraftmarketTests.m in Sources */,
			);
			runOnlyForDeploymentPostprocessing = 0;
		};
		13B07F871A680F5B00A75B9A /* Sources */ = {
			isa = PBXSourcesBuildPhase;
			buildActionMask = 2147483647;
			files = (
				13B07FBC1A68108700A75B9A /* AppDelegate.m in Sources */,
				CEDF5A3A2704C0A500D737C5 /* File.swift in Sources */,
				13B07FC11A68108700A75B9A /* main.m in Sources */,
			);
			runOnlyForDeploymentPostprocessing = 0;
		};
/* End PBXSourcesBuildPhase section */

/* Begin PBXTargetDependency section */
		00E356F51AD99517003FC87E /* PBXTargetDependency */ = {
			isa = PBXTargetDependency;
			target = 13B07F861A680F5B00A75B9A /* universalcraftmarket */;
			targetProxy = 00E356F41AD99517003FC87E /* PBXContainerItemProxy */;
		};
/* End PBXTargetDependency section */

/* Begin XCBuildConfiguration section */
		00E356F61AD99517003FC87E /* Debug */ = {
			isa = XCBuildConfiguration;
			baseConfigurationReference = 58C60661E3E5FA071EE606B8 /* Pods-universalcraftmarket-universalcraftmarketTests.debug.xcconfig */;
			buildSettings = {
				ALWAYS_EMBED_SWIFT_STANDARD_LIBRARIES = YES;
				BUNDLE_LOADER = "$(TEST_HOST)";
				GCC_PREPROCESSOR_DEFINITIONS = (
					"DEBUG=1",
					"$(inherited)",
				);
				INFOPLIST_FILE = universalcraftmarketTests/Info.plist;
				IPHONEOS_DEPLOYMENT_TARGET = 11.0;
				LD_RUNPATH_SEARCH_PATHS = (
					"$(inherited)",
					"@executable_path/Frameworks",
					"@loader_path/Frameworks",
				);
				OTHER_LDFLAGS = (
					"-ObjC",
					"-lc++",
					"$(inherited)",
				);
				PRODUCT_BUNDLE_IDENTIFIER = "org.reactjs.native.example.$(PRODUCT_NAME:rfc1034identifier)";
				PRODUCT_NAME = "$(TARGET_NAME)";
				TEST_HOST = "$(BUILT_PRODUCTS_DIR)/universalcraftmarket.app/universalcraftmarket";
			};
			name = Debug;
		};
		00E356F71AD99517003FC87E /* Release */ = {
			isa = XCBuildConfiguration;
			baseConfigurationReference = E05B6F0F2EF654CB90C3CCF4 /* Pods-universalcraftmarket-universalcraftmarketTests.release.xcconfig */;
			buildSettings = {
				ALWAYS_EMBED_SWIFT_STANDARD_LIBRARIES = YES;
				BUNDLE_LOADER = "$(TEST_HOST)";
				COPY_PHASE_STRIP = NO;
				INFOPLIST_FILE = universalcraftmarketTests/Info.plist;
				IPHONEOS_DEPLOYMENT_TARGET = 11.0;
				LD_RUNPATH_SEARCH_PATHS = (
					"$(inherited)",
					"@executable_path/Frameworks",
					"@loader_path/Frameworks",
				);
				OTHER_LDFLAGS = (
					"-ObjC",
					"-lc++",
					"$(inherited)",
				);
				PRODUCT_BUNDLE_IDENTIFIER = "org.reactjs.native.example.$(PRODUCT_NAME:rfc1034identifier)";
				PRODUCT_NAME = "$(TARGET_NAME)";
				TEST_HOST = "$(BUILT_PRODUCTS_DIR)/universalcraftmarket.app/universalcraftmarket";
			};
			name = Release;
		};
		13B07F941A680F5B00A75B9A /* Debug */ = {
			isa = XCBuildConfiguration;
			baseConfigurationReference = 416C2AB1336BA2CB022BA105 /* Pods-universalcraftmarket.debug.xcconfig */;
			buildSettings = {
				ASSETCATALOG_COMPILER_APPICON_NAME = AppIcon;
				CLANG_ENABLE_MODULES = YES;
				CODE_SIGN_IDENTITY = "iPhone Distribution";
				CODE_SIGN_STYLE = Manual;
				CURRENT_PROJECT_VERSION = 20;
				DEVELOPMENT_TEAM = 9B4VP8M9P3;
				ENABLE_BITCODE = NO;
				FRAMEWORK_SEARCH_PATHS = "$(inherited)";
				INFOPLIST_FILE = universalcraftmarket/Info.plist;
				IPHONEOS_DEPLOYMENT_TARGET = 11.2;
				LD_RUNPATH_SEARCH_PATHS = (
					"$(inherited)",
					"@executable_path/Frameworks",
				);
				LIBRARY_SEARCH_PATHS = (
					"$(inherited)",
					"$(SDKROOT)/usr/lib/swift",
				);
				MARKETING_VERSION = 1.4.4;
				ONLY_ACTIVE_ARCH = NO;
				OTHER_LDFLAGS = "$(inherited)";
				OTHER_LIBTOOLFLAGS = "";
				PRODUCT_BUNDLE_IDENTIFIER = com.universalcraftmarket.buyer;
				PRODUCT_NAME = universalcraftmarket;
				PROVISIONING_PROFILE_SPECIFIER = "Universal Craft Maket Buyer";
				SWIFT_OBJC_BRIDGING_HEADER = "universalcraftmarket-Bridging-Header.h";
				SWIFT_OPTIMIZATION_LEVEL = "-Onone";
				SWIFT_VERSION = 5.0;
				TARGETED_DEVICE_FAMILY = 1;
				VERSIONING_SYSTEM = "apple-generic";
			};
			name = Debug;
		};
		13B07F951A680F5B00A75B9A /* Release */ = {
			isa = XCBuildConfiguration;
			baseConfigurationReference = EBC41FC94C8F20EC2F24FA2D /* Pods-universalcraftmarket.release.xcconfig */;
			buildSettings = {
				ASSETCATALOG_COMPILER_APPICON_NAME = AppIcon;
				CLANG_ENABLE_MODULES = YES;
				CODE_SIGN_IDENTITY = "iPhone Distribution";
				CODE_SIGN_STYLE = Manual;
				CURRENT_PROJECT_VERSION = 20;
				DEVELOPMENT_TEAM = 9B4VP8M9P3;
				ENABLE_BITCODE = NO;
				FRAMEWORK_SEARCH_PATHS = "$(inherited)";
				INFOPLIST_FILE = universalcraftmarket/Info.plist;
				IPHONEOS_DEPLOYMENT_TARGET = 11.2;
				LD_RUNPATH_SEARCH_PATHS = (
					"$(inherited)",
					"@executable_path/Frameworks",
				);
				LIBRARY_SEARCH_PATHS = (
					"$(inherited)",
					"$(SDKROOT)/usr/lib/swift",
				);
				MARKETING_VERSION = 1.4.4;
				ONLY_ACTIVE_ARCH = NO;
				OTHER_LDFLAGS = "$(inherited)";
				OTHER_LIBTOOLFLAGS = "";
				PRODUCT_BUNDLE_IDENTIFIER = com.universalcraftmarket.buyer;
				PRODUCT_NAME = universalcraftmarket;
				PROVISIONING_PROFILE_SPECIFIER = "Universal Craft Maket Buyer";
				SWIFT_OBJC_BRIDGING_HEADER = "universalcraftmarket-Bridging-Header.h";
				SWIFT_VERSION = 5.0;
				TARGETED_DEVICE_FAMILY = 1;
				VERSIONING_SYSTEM = "apple-generic";
			};
			name = Release;
		};
		83CBBA201A601CBA00E9B192 /* Debug */ = {
			isa = XCBuildConfiguration;
			buildSettings = {
				ALWAYS_SEARCH_USER_PATHS = NO;
				CLANG_ANALYZER_LOCALIZABILITY_NONLOCALIZED = YES;
				CLANG_CXX_LANGUAGE_STANDARD = "gnu++0x";
				CLANG_CXX_LIBRARY = "libc++";
				CLANG_ENABLE_MODULES = YES;
				CLANG_ENABLE_OBJC_ARC = YES;
				CLANG_WARN_BLOCK_CAPTURE_AUTORELEASING = YES;
				CLANG_WARN_BOOL_CONVERSION = YES;
				CLANG_WARN_COMMA = YES;
				CLANG_WARN_CONSTANT_CONVERSION = YES;
				CLANG_WARN_DEPRECATED_OBJC_IMPLEMENTATIONS = YES;
				CLANG_WARN_DIRECT_OBJC_ISA_USAGE = YES_ERROR;
				CLANG_WARN_EMPTY_BODY = YES;
				CLANG_WARN_ENUM_CONVERSION = YES;
				CLANG_WARN_INFINITE_RECURSION = YES;
				CLANG_WARN_INT_CONVERSION = YES;
				CLANG_WARN_NON_LITERAL_NULL_CONVERSION = YES;
				CLANG_WARN_OBJC_IMPLICIT_RETAIN_SELF = YES;
				CLANG_WARN_OBJC_LITERAL_CONVERSION = YES;
				CLANG_WARN_OBJC_ROOT_CLASS = YES_ERROR;
				CLANG_WARN_QUOTED_INCLUDE_IN_FRAMEWORK_HEADER = YES;
				CLANG_WARN_RANGE_LOOP_ANALYSIS = YES;
				CLANG_WARN_STRICT_PROTOTYPES = YES;
				CLANG_WARN_SUSPICIOUS_MOVE = YES;
				CLANG_WARN_UNREACHABLE_CODE = YES;
				CLANG_WARN__DUPLICATE_METHOD_MATCH = YES;
				"CODE_SIGN_IDENTITY[sdk=iphoneos*]" = "iPhone Developer";
				COPY_PHASE_STRIP = NO;
				ENABLE_BITCODE = NO;
				ENABLE_STRICT_OBJC_MSGSEND = YES;
				ENABLE_TESTABILITY = YES;
				"EXCLUDED_ARCHS[sdk=iphonesimulator*]" = "arm64 ";
				GCC_C_LANGUAGE_STANDARD = gnu99;
				GCC_DYNAMIC_NO_PIC = NO;
				GCC_NO_COMMON_BLOCKS = YES;
				GCC_OPTIMIZATION_LEVEL = 0;
				GCC_PREPROCESSOR_DEFINITIONS = (
					"DEBUG=1",
					"$(inherited)",
				);
				GCC_SYMBOLS_PRIVATE_EXTERN = NO;
				GCC_WARN_64_TO_32_BIT_CONVERSION = YES;
				GCC_WARN_ABOUT_RETURN_TYPE = YES_ERROR;
				GCC_WARN_UNDECLARED_SELECTOR = YES;
				GCC_WARN_UNINITIALIZED_AUTOS = YES_AGGRESSIVE;
				GCC_WARN_UNUSED_FUNCTION = YES;
				GCC_WARN_UNUSED_VARIABLE = YES;
				IPHONEOS_DEPLOYMENT_TARGET = 11.0;
				LD_RUNPATH_SEARCH_PATHS = (
					/usr/lib/swift,
					"$(inherited)",
				);
				LIBRARY_SEARCH_PATHS = "$(inherited)";
				MTL_ENABLE_DEBUG_INFO = YES;
				ONLY_ACTIVE_ARCH = NO;
				OTHER_LDFLAGS = "$(inherited)";
				SDKROOT = iphoneos;
			};
			name = Debug;
		};
		83CBBA211A601CBA00E9B192 /* Release */ = {
			isa = XCBuildConfiguration;
			buildSettings = {
				ALWAYS_SEARCH_USER_PATHS = NO;
				CLANG_ANALYZER_LOCALIZABILITY_NONLOCALIZED = YES;
				CLANG_CXX_LANGUAGE_STANDARD = "gnu++0x";
				CLANG_CXX_LIBRARY = "libc++";
				CLANG_ENABLE_MODULES = YES;
				CLANG_ENABLE_OBJC_ARC = YES;
				CLANG_WARN_BLOCK_CAPTURE_AUTORELEASING = YES;
				CLANG_WARN_BOOL_CONVERSION = YES;
				CLANG_WARN_COMMA = YES;
				CLANG_WARN_CONSTANT_CONVERSION = YES;
				CLANG_WARN_DEPRECATED_OBJC_IMPLEMENTATIONS = YES;
				CLANG_WARN_DIRECT_OBJC_ISA_USAGE = YES_ERROR;
				CLANG_WARN_EMPTY_BODY = YES;
				CLANG_WARN_ENUM_CONVERSION = YES;
				CLANG_WARN_INFINITE_RECURSION = YES;
				CLANG_WARN_INT_CONVERSION = YES;
				CLANG_WARN_NON_LITERAL_NULL_CONVERSION = YES;
				CLANG_WARN_OBJC_IMPLICIT_RETAIN_SELF = YES;
				CLANG_WARN_OBJC_LITERAL_CONVERSION = YES;
				CLANG_WARN_OBJC_ROOT_CLASS = YES_ERROR;
				CLANG_WARN_QUOTED_INCLUDE_IN_FRAMEWORK_HEADER = YES;
				CLANG_WARN_RANGE_LOOP_ANALYSIS = YES;
				CLANG_WARN_STRICT_PROTOTYPES = YES;
				CLANG_WARN_SUSPICIOUS_MOVE = YES;
				CLANG_WARN_UNREACHABLE_CODE = YES;
				CLANG_WARN__DUPLICATE_METHOD_MATCH = YES;
				"CODE_SIGN_IDENTITY[sdk=iphoneos*]" = "iPhone Developer";
				COPY_PHASE_STRIP = YES;
				ENABLE_BITCODE = NO;
				ENABLE_NS_ASSERTIONS = NO;
				ENABLE_STRICT_OBJC_MSGSEND = YES;
				"EXCLUDED_ARCHS[sdk=iphonesimulator*]" = "arm64 ";
				GCC_C_LANGUAGE_STANDARD = gnu99;
				GCC_NO_COMMON_BLOCKS = YES;
				GCC_WARN_64_TO_32_BIT_CONVERSION = YES;
				GCC_WARN_ABOUT_RETURN_TYPE = YES_ERROR;
				GCC_WARN_UNDECLARED_SELECTOR = YES;
				GCC_WARN_UNINITIALIZED_AUTOS = YES_AGGRESSIVE;
				GCC_WARN_UNUSED_FUNCTION = YES;
				GCC_WARN_UNUSED_VARIABLE = YES;
				IPHONEOS_DEPLOYMENT_TARGET = 11.0;
				LD_RUNPATH_SEARCH_PATHS = (
					/usr/lib/swift,
					"$(inherited)",
				);
				LIBRARY_SEARCH_PATHS = "$(inherited)";
				MTL_ENABLE_DEBUG_INFO = NO;
				OTHER_LDFLAGS = "$(inherited)";
				SDKROOT = iphoneos;
				VALIDATE_PRODUCT = YES;
			};
			name = Release;
		};
/* End XCBuildConfiguration section */

/* Begin XCConfigurationList section */
		00E357021AD99517003FC87E /* Build configuration list for PBXNativeTarget "universalcraftmarketTests" */ = {
			isa = XCConfigurationList;
			buildConfigurations = (
				00E356F61AD99517003FC87E /* Debug */,
				00E356F71AD99517003FC87E /* Release */,
			);
			defaultConfigurationIsVisible = 0;
			defaultConfigurationName = Release;
		};
		13B07F931A680F5B00A75B9A /* Build configuration list for PBXNativeTarget "universalcraftmarket" */ = {
			isa = XCConfigurationList;
			buildConfigurations = (
				13B07F941A680F5B00A75B9A /* Debug */,
				13B07F951A680F5B00A75B9A /* Release */,
			);
			defaultConfigurationIsVisible = 0;
			defaultConfigurationName = Release;
		};
		83CBB9FA1A601CBA00E9B192 /* Build configuration list for PBXProject "universalcraftmarket" */ = {
			isa = XCConfigurationList;
			buildConfigurations = (
				83CBBA201A601CBA00E9B192 /* Debug */,
				83CBBA211A601CBA00E9B192 /* Release */,
			);
			defaultConfigurationIsVisible = 0;
			defaultConfigurationName = Release;
		};
/* End XCConfigurationList section */
	};
	rootObject = 83CBB9F71A601CBA00E9B192 /* Project object */;
}
